// !$*UTF8*$!
{
	archiveVersion = 1;
	classes = {
	};
	objectVersion = 50;
	objects = {

/* Begin PBXBuildFile section */
		04B6B67D24209D8400529A16 /* AppDelegate.m in Sources */ = {isa = PBXBuildFile; fileRef = 04B6B67C24209D8400529A16 /* AppDelegate.m */; };
		04B6B68024209D8400529A16 /* SceneDelegate.m in Sources */ = {isa = PBXBuildFile; fileRef = 04B6B67F24209D8400529A16 /* SceneDelegate.m */; };
		04B6B68324209D8400529A16 /* ViewController.m in Sources */ = {isa = PBXBuildFile; fileRef = 04B6B68224209D8400529A16 /* ViewController.m */; };
		04B6B68624209D8400529A16 /* Main.storyboard in Resources */ = {isa = PBXBuildFile; fileRef = 04B6B68424209D8400529A16 /* Main.storyboard */; };
		04B6B68824209D8600529A16 /* Assets.xcassets in Resources */ = {isa = PBXBuildFile; fileRef = 04B6B68724209D8600529A16 /* Assets.xcassets */; };
		04B6B68B24209D8600529A16 /* LaunchScreen.storyboard in Resources */ = {isa = PBXBuildFile; fileRef = 04B6B68924209D8600529A16 /* LaunchScreen.storyboard */; };
		04B6B68E24209D8600529A16 /* main.m in Sources */ = {isa = PBXBuildFile; fileRef = 04B6B68D24209D8600529A16 /* main.m */; };
		04B6B69724209DD200529A16 /* FLYDownLoader.m in Sources */ = {isa = PBXBuildFile; fileRef = 04B6B69624209DD200529A16 /* FLYDownLoader.m */; };
		04B6B69A2420B01700529A16 /* FLYFileTool.m in Sources */ = {isa = PBXBuildFile; fileRef = 04B6B6992420B01700529A16 /* FLYFileTool.m */; };
		04B6B69D24245E3D00529A16 /* FLYDownLoaderManager.m in Sources */ = {isa = PBXBuildFile; fileRef = 04B6B69C24245E3C00529A16 /* FLYDownLoaderManager.m */; };
		04B6B6A0242462BF00529A16 /* NSString+SZ.m in Sources */ = {isa = PBXBuildFile; fileRef = 04B6B69F242462BF00529A16 /* NSString+SZ.m */; };
/* End PBXBuildFile section */

/* Begin PBXFileReference section */
		04B6B67824209D8400529A16 /* FLYDownLoader.app */ = {isa = PBXFileReference; explicitFileType = wrapper.application; includeInIndex = 0; path = FLYDownLoader.app; sourceTree = BUILT_PRODUCTS_DIR; };
		04B6B67B24209D8400529A16 /* AppDelegate.h */ = {isa = PBXFileReference; lastKnownFileType = sourcecode.c.h; path = AppDelegate.h; sourceTree = "<group>"; };
		04B6B67C24209D8400529A16 /* AppDelegate.m */ = {isa = PBXFileReference; lastKnownFileType = sourcecode.c.objc; path = AppDelegate.m; sourceTree = "<group>"; };
		04B6B67E24209D8400529A16 /* SceneDelegate.h */ = {isa = PBXFileReference; lastKnownFileType = sourcecode.c.h; path = SceneDelegate.h; sourceTree = "<group>"; };
		04B6B67F24209D8400529A16 /* SceneDelegate.m */ = {isa = PBXFileReference; lastKnownFileType = sourcecode.c.objc; path = SceneDelegate.m; sourceTree = "<group>"; };
		04B6B68124209D8400529A16 /* ViewController.h */ = {isa = PBXFileReference; lastKnownFileType = sourcecode.c.h; path = ViewController.h; sourceTree = "<group>"; };
		04B6B68224209D8400529A16 /* ViewController.m */ = {isa = PBXFileReference; lastKnownFileType = sourcecode.c.objc; path = ViewController.m; sourceTree = "<group>"; };
		04B6B68524209D8400529A16 /* Base */ = {isa = PBXFileReference; lastKnownFileType = file.storyboard; name = Base; path = Base.lproj/Main.storyboard; sourceTree = "<group>"; };
		04B6B68724209D8600529A16 /* Assets.xcassets */ = {isa = PBXFileReference; lastKnownFileType = folder.assetcatalog; path = Assets.xcassets; sourceTree = "<group>"; };
		04B6B68A24209D8600529A16 /* Base */ = {isa = PBXFileReference; lastKnownFileType = file.storyboard; name = Base; path = Base.lproj/LaunchScreen.storyboard; sourceTree = "<group>"; };
		04B6B68C24209D8600529A16 /* Info.plist */ = {isa = PBXFileReference; lastKnownFileType = text.plist.xml; path = Info.plist; sourceTree = "<group>"; };
		04B6B68D24209D8600529A16 /* main.m */ = {isa = PBXFileReference; lastKnownFileType = sourcecode.c.objc; path = main.m; sourceTree = "<group>"; };
		04B6B69524209DD200529A16 /* FLYDownLoader.h */ = {isa = PBXFileReference; lastKnownFileType = sourcecode.c.h; path = FLYDownLoader.h; sourceTree = "<group>"; };
		04B6B69624209DD200529A16 /* FLYDownLoader.m */ = {isa = PBXFileReference; lastKnownFileType = sourcecode.c.objc; path = FLYDownLoader.m; sourceTree = "<group>"; };
		04B6B6982420B01700529A16 /* FLYFileTool.h */ = {isa = PBXFileReference; lastKnownFileType = sourcecode.c.h; path = FLYFileTool.h; sourceTree = "<group>"; };
		04B6B6992420B01700529A16 /* FLYFileTool.m */ = {isa = PBXFileReference; lastKnownFileType = sourcecode.c.objc; path = FLYFileTool.m; sourceTree = "<group>"; };
		04B6B69B24245E3C00529A16 /* FLYDownLoaderManager.h */ = {isa = PBXFileReference; lastKnownFileType = sourcecode.c.h; path = FLYDownLoaderManager.h; sourceTree = "<group>"; };
		04B6B69C24245E3C00529A16 /* FLYDownLoaderManager.m */ = {isa = PBXFileReference; lastKnownFileType = sourcecode.c.objc; path = FLYDownLoaderManager.m; sourceTree = "<group>"; };
		04B6B69E242462BF00529A16 /* NSString+SZ.h */ = {isa = PBXFileReference; lastKnownFileType = sourcecode.c.h; path = "NSString+SZ.h"; sourceTree = "<group>"; };
		04B6B69F242462BF00529A16 /* NSString+SZ.m */ = {isa = PBXFileReference; lastKnownFileType = sourcecode.c.objc; path = "NSString+SZ.m"; sourceTree = "<group>"; };
/* End PBXFileReference section */

/* Begin PBXFrameworksBuildPhase section */
		04B6B67524209D8400529A16 /* Frameworks */ = {
			isa = PBXFrameworksBuildPhase;
			buildActionMask = 2147483647;
			files = (
			);
			runOnlyForDeploymentPostprocessing = 0;
		};
/* End PBXFrameworksBuildPhase section */

/* Begin PBXGroup section */
		04B6B66F24209D8400529A16 = {
			isa = PBXGroup;
			children = (
				04B6B67A24209D8400529A16 /* FLYDownLoader */,
				04B6B67924209D8400529A16 /* Products */,
			);
			sourceTree = "<group>";
		};
		04B6B67924209D8400529A16 /* Products */ = {
			isa = PBXGroup;
			children = (
				04B6B67824209D8400529A16 /* FLYDownLoader.app */,
			);
			name = Products;
			sourceTree = "<group>";
		};
		04B6B67A24209D8400529A16 /* FLYDownLoader */ = {
			isa = PBXGroup;
			children = (
				04B6B69424209DA100529A16 /* Classes */,
				04B6B67B24209D8400529A16 /* AppDelegate.h */,
				04B6B67C24209D8400529A16 /* AppDelegate.m */,
				04B6B67E24209D8400529A16 /* SceneDelegate.h */,
				04B6B67F24209D8400529A16 /* SceneDelegate.m */,
				04B6B68124209D8400529A16 /* ViewController.h */,
				04B6B68224209D8400529A16 /* ViewController.m */,
				04B6B68424209D8400529A16 /* Main.storyboard */,
				04B6B68724209D8600529A16 /* Assets.xcassets */,
				04B6B68924209D8600529A16 /* LaunchScreen.storyboard */,
				04B6B68C24209D8600529A16 /* Info.plist */,
				04B6B68D24209D8600529A16 /* main.m */,
			);
			path = FLYDownLoader;
			sourceTree = "<group>";
		};
		04B6B69424209DA100529A16 /* Classes */ = {
			isa = PBXGroup;
			children = (
				04B6B69B24245E3C00529A16 /* FLYDownLoaderManager.h */,
				04B6B69C24245E3C00529A16 /* FLYDownLoaderManager.m */,
				04B6B69524209DD200529A16 /* FLYDownLoader.h */,
				04B6B69624209DD200529A16 /* FLYDownLoader.m */,
				04B6B6982420B01700529A16 /* FLYFileTool.h */,
				04B6B6992420B01700529A16 /* FLYFileTool.m */,
				04B6B69E242462BF00529A16 /* NSString+SZ.h */,
				04B6B69F242462BF00529A16 /* NSString+SZ.m */,
			);
			path = Classes;
			sourceTree = "<group>";
		};
/* End PBXGroup section */

/* Begin PBXNativeTarget section */
		04B6B67724209D8400529A16 /* FLYDownLoader */ = {
			isa = PBXNativeTarget;
			buildConfigurationList = 04B6B69124209D8600529A16 /* Build configuration list for PBXNativeTarget "FLYDownLoader" */;
			buildPhases = (
				04B6B67424209D8400529A16 /* Sources */,
				04B6B67524209D8400529A16 /* Frameworks */,
				04B6B67624209D8400529A16 /* Resources */,
			);
			buildRules = (
			);
			dependencies = (
			);
			name = FLYDownLoader;
			productName = FLYDownLoader;
			productReference = 04B6B67824209D8400529A16 /* FLYDownLoader.app */;
			productType = "com.apple.product-type.application";
		};
/* End PBXNativeTarget section */

/* Begin PBXProject section */
		04B6B67024209D8400529A16 /* Project object */ = {
			isa = PBXProject;
			attributes = {
				LastUpgradeCheck = 1130;
				ORGANIZATIONNAME = fly;
				TargetAttributes = {
					04B6B67724209D8400529A16 = {
						CreatedOnToolsVersion = 11.3.1;
					};
				};
			};
			buildConfigurationList = 04B6B67324209D8400529A16 /* Build configuration list for PBXProject "FLYDownLoader" */;
			compatibilityVersion = "Xcode 9.3";
			developmentRegion = en;
			hasScannedForEncodings = 0;
			knownRegions = (
				en,
				Base,
			);
			mainGroup = 04B6B66F24209D8400529A16;
			productRefGroup = 04B6B67924209D8400529A16 /* Products */;
			projectDirPath = "";
			projectRoot = "";
			targets = (
				04B6B67724209D8400529A16 /* FLYDownLoader */,
			);
		};
/* End PBXProject section */

/* Begin PBXResourcesBuildPhase section */
		04B6B67624209D8400529A16 /* Resources */ = {
			isa = PBXResourcesBuildPhase;
			buildActionMask = 2147483647;
			files = (
				04B6B68B24209D8600529A16 /* LaunchScreen.storyboard in Resources */,
				04B6B68824209D8600529A16 /* Assets.xcassets in Resources */,
				04B6B68624209D8400529A16 /* Main.storyboard in Resources */,
			);
			runOnlyForDeploymentPostprocessing = 0;
		};
/* End PBXResourcesBuildPhase section */

/* Begin PBXSourcesBuildPhase section */
		04B6B67424209D8400529A16 /* Sources */ = {
			isa = PBXSourcesBuildPhase;
			buildActionMask = 2147483647;
			files = (
				04B6B6A0242462BF00529A16 /* NSString+SZ.m in Sources */,
				04B6B69724209DD200529A16 /* FLYDownLoader.m in Sources */,
				04B6B69A2420B01700529A16 /* FLYFileTool.m in Sources */,
				04B6B68324209D8400529A16 /* ViewController.m in Sources */,
				04B6B69D24245E3D00529A16 /* FLYDownLoaderManager.m in Sources */,
				04B6B67D24209D8400529A16 /* AppDelegate.m in Sources */,
				04B6B68E24209D8600529A16 /* main.m in Sources */,
				04B6B68024209D8400529A16 /* SceneDelegate.m in Sources */,
			);
			runOnlyForDeploymentPostprocessing = 0;
		};
/* End PBXSourcesBuildPhase section */

/* Begin PBXVariantGroup section */
		04B6B68424209D8400529A16 /* Main.storyboard */ = {
			isa = PBXVariantGroup;
			children = (
				04B6B68524209D8400529A16 /* Base */,
			);
			name = Main.storyboard;
			sourceTree = "<group>";
		};
		04B6B68924209D8600529A16 /* LaunchScreen.storyboard */ = {
			isa = PBXVariantGroup;
			children = (
				04B6B68A24209D8600529A16 /* Base */,
			);
			name = LaunchScreen.storyboard;
			sourceTree = "<group>";
		};
/* End PBXVariantGroup section */

/* Begin XCBuildConfiguration section */
		04B6B68F24209D8600529A16 /* Debug */ = {
			isa = XCBuildConfiguration;
			buildSettings = {
				ALWAYS_SEARCH_USER_PATHS = NO;
				CLANG_ANALYZER_NONNULL = YES;
				CLANG_ANALYZER_NUMBER_OBJECT_CONVERSION = YES_AGGRESSIVE;
				CLANG_CXX_LANGUAGE_STANDARD = "gnu++14";
				CLANG_CXX_LIBRARY = "libc++";
				CLANG_ENABLE_MODULES = YES;
				CLANG_ENABLE_OBJC_ARC = YES;
				CLANG_ENABLE_OBJC_WEAK = YES;
				CLANG_WARN_BLOCK_CAPTURE_AUTORELEASING = YES;
				CLANG_WARN_BOOL_CONVERSION = YES;
				CLANG_WARN_COMMA = YES;
				CLANG_WARN_CONSTANT_CONVERSION = YES;
				CLANG_WARN_DEPRECATED_OBJC_IMPLEMENTATIONS = YES;
				CLANG_WARN_DIRECT_OBJC_ISA_USAGE = YES_ERROR;
				CLANG_WARN_DOCUMENTATION_COMMENTS = YES;
				CLANG_WARN_EMPTY_BODY = YES;
				CLANG_WARN_ENUM_CONVERSION = YES;
				CLANG_WARN_INFINITE_RECURSION = YES;
				CLANG_WARN_INT_CONVERSION = YES;
				CLANG_WARN_NON_LITERAL_NULL_CONVERSION = YES;
				CLANG_WARN_OBJC_IMPLICIT_RETAIN_SELF = YES;
				CLANG_WARN_OBJC_LITERAL_CONVERSION = YES;
				CLANG_WARN_OBJC_ROOT_CLASS = YES_ERROR;
				CLANG_WARN_RANGE_LOOP_ANALYSIS = YES;
				CLANG_WARN_STRICT_PROTOTYPES = YES;
				CLANG_WARN_SUSPICIOUS_MOVE = YES;
				CLANG_WARN_UNGUARDED_AVAILABILITY = YES_AGGRESSIVE;
				CLANG_WARN_UNREACHABLE_CODE = YES;
				CLANG_WARN__DUPLICATE_METHOD_MATCH = YES;
				COPY_PHASE_STRIP = NO;
				DEBUG_INFORMATION_FORMAT = dwarf;
				ENABLE_STRICT_OBJC_MSGSEND = YES;
				ENABLE_TESTABILITY = YES;
				GCC_C_LANGUAGE_STANDARD = gnu11;
				GCC_DYNAMIC_NO_PIC = NO;
				GCC_NO_COMMON_BLOCKS = YES;
				GCC_OPTIMIZATION_LEVEL = 0;
				GCC_PREPROCESSOR_DEFINITIONS = (
					"DEBUG=1",
					"$(inherited)",
				);
				GCC_WARN_64_TO_32_BIT_CONVERSION = YES;
				GCC_WARN_ABOUT_RETURN_TYPE = YES_ERROR;
				GCC_WARN_UNDECLARED_SELECTOR = YES;
				GCC_WARN_UNINITIALIZED_AUTOS = YES_AGGRESSIVE;
				GCC_WARN_UNUSED_FUNCTION = YES;
				GCC_WARN_UNUSED_VARIABLE = YES;
				IPHONEOS_DEPLOYMENT_TARGET = 13.2;
				MTL_ENABLE_DEBUG_INFO = INCLUDE_SOURCE;
				MTL_FAST_MATH = YES;
				ONLY_ACTIVE_ARCH = YES;
				SDKROOT = iphoneos;
			};
			name = Debug;
		};
		04B6B69024209D8600529A16 /* Release */ = {
			isa = XCBuildConfiguration;
			buildSettings = {
				ALWAYS_SEARCH_USER_PATHS = NO;
				CLANG_ANALYZER_NONNULL = YES;
				CLANG_ANALYZER_NUMBER_OBJECT_CONVERSION = YES_AGGRESSIVE;
				CLANG_CXX_LANGUAGE_STANDARD = "gnu++14";
				CLANG_CXX_LIBRARY = "libc++";
				CLANG_ENABLE_MODULES = YES;
				CLANG_ENABLE_OBJC_ARC = YES;
				CLANG_ENABLE_OBJC_WEAK = YES;
				CLANG_WARN_BLOCK_CAPTURE_AUTORELEASING = YES;
				CLANG_WARN_BOOL_CONVERSION = YES;
				CLANG_WARN_COMMA = YES;
				CLANG_WARN_CONSTANT_CONVERSION = YES;
				CLANG_WARN_DEPRECATED_OBJC_IMPLEMENTATIONS = YES;
				CLANG_WARN_DIRECT_OBJC_ISA_USAGE = YES_ERROR;
				CLANG_WARN_DOCUMENTATION_COMMENTS = YES;
				CLANG_WARN_EMPTY_BODY = YES;
				CLANG_WARN_ENUM_CONVERSION = YES;
				CLANG_WARN_INFINITE_RECURSION = YES;
				CLANG_WARN_INT_CONVERSION = YES;
				CLANG_WARN_NON_LITERAL_NULL_CONVERSION = YES;
				CLANG_WARN_OBJC_IMPLICIT_RETAIN_SELF = YES;
				CLANG_WARN_OBJC_LITERAL_CONVERSION = YES;
				CLANG_WARN_OBJC_ROOT_CLASS = YES_ERROR;
				CLANG_WARN_RANGE_LOOP_ANALYSIS = YES;
				CLANG_WARN_STRICT_PROTOTYPES = YES;
				CLANG_WARN_SUSPICIOUS_MOVE = YES;
				CLANG_WARN_UNGUARDED_AVAILABILITY = YES_AGGRESSIVE;
				CLANG_WARN_UNREACHABLE_CODE = YES;
				CLANG_WARN__DUPLICATE_METHOD_MATCH = YES;
				COPY_PHASE_STRIP = NO;
				DEBUG_INFORMATION_FORMAT = "dwarf-with-dsym";
				ENABLE_NS_ASSERTIONS = NO;
				ENABLE_STRICT_OBJC_MSGSEND = YES;
				GCC_C_LANGUAGE_STANDARD = gnu11;
				GCC_NO_COMMON_BLOCKS = YES;
				GCC_WARN_64_TO_32_BIT_CONVERSION = YES;
				GCC_WARN_ABOUT_RETURN_TYPE = YES_ERROR;
				GCC_WARN_UNDECLARED_SELECTOR = YES;
				GCC_WARN_UNINITIALIZED_AUTOS = YES_AGGRESSIVE;
				GCC_WARN_UNUSED_FUNCTION = YES;
				GCC_WARN_UNUSED_VARIABLE = YES;
				IPHONEOS_DEPLOYMENT_TARGET = 13.2;
				MTL_ENABLE_DEBUG_INFO = NO;
				MTL_FAST_MATH = YES;
				SDKROOT = iphoneos;
				VALIDATE_PRODUCT = YES;
			};
			name = Release;
		};
		04B6B69224209D8600529A16 /* Debug */ = {
			isa = XCBuildConfiguration;
			buildSettings = {
				ASSETCATALOG_COMPILER_APPICON_NAME = AppIcon;
				CODE_SIGN_STYLE = Automatic;
				DEVELOPMENT_TEAM = 2638M5H9L6;
				INFOPLIST_FILE = FLYDownLoader/Info.plist;
				IPHONEOS_DEPLOYMENT_TARGET = 12.0;
				LD_RUNPATH_SEARCH_PATHS = (
					"$(inherited)",
					"@executable_path/Frameworks",
				);
				PRODUCT_BUNDLE_IDENTIFIER = com.fly.FLYDownLoader;
				PRODUCT_NAME = "$(TARGET_NAME)";
				TARGETED_DEVICE_FAMILY = "1,2";
			};
			name = Debug;
		};
		04B6B69324209D8600529A16 /* Release */ = {
			isa = XCBuildConfiguration;
			buildSettings = {
				ASSETCATALOG_COMPILER_APPICON_NAME = AppIcon;
				CODE_SIGN_STYLE = Automatic;
				DEVELOPMENT_TEAM = 2638M5H9L6;
				INFOPLIST_FILE = FLYDownLoader/Info.plist;
				IPHONEOS_DEPLOYMENT_TARGET = 12.0;
				LD_RUNPATH_SEARCH_PATHS = (
					"$(inherited)",
					"@executable_path/Frameworks",
				);
				PRODUCT_BUNDLE_IDENTIFIER = com.fly.FLYDownLoader;
				PRODUCT_NAME = "$(TARGET_NAME)";
				TARGETED_DEVICE_FAMILY = "1,2";
			};
			name = Release;
		};
/* End XCBuildConfiguration section */

/* Begin XCConfigurationList section */
		04B6B67324209D8400529A16 /* Build configuration list for PBXProject "FLYDownLoader" */ = {
			isa = XCConfigurationList;
			buildConfigurations = (
				04B6B68F24209D8600529A16 /* Debug */,
				04B6B69024209D8600529A16 /* Release */,
			);
			defaultConfigurationIsVisible = 0;
			defaultConfigurationName = Release;
		};
		04B6B69124209D8600529A16 /* Build configuration list for PBXNativeTarget "FLYDownLoader" */ = {
			isa = XCConfigurationList;
			buildConfigurations = (
				04B6B69224209D8600529A16 /* Debug */,
				04B6B69324209D8600529A16 /* Release */,
			);
			defaultConfigurationIsVisible = 0;
			defaultConfigurationName = Release;
		};
/* End XCConfigurationList section */
	};
	rootObject = 04B6B67024209D8400529A16 /* Project object */;
}
